// !$*UTF8*$!
{
	archiveVersion = 1;
	classes = {
	};
	objectVersion = 60;
	objects = {

/* Begin PBXBuildFile section */
		2801CAB52AEDF18000E95B5F /* MissionController.swift in Sources */ = {isa = PBXBuildFile; fileRef = 2801CAB42AEDF18000E95B5F /* MissionController.swift */; };
		280AA0872B7AF64600798BB1 /* ControllerMenuItems.swift in Sources */ = {isa = PBXBuildFile; fileRef = 280AA0862B7AF64600798BB1 /* ControllerMenuItems.swift */; };
		2822407C2B7EEBDD00F73DF4 /* EditableTextField.swift in Sources */ = {isa = PBXBuildFile; fileRef = 2822407B2B7EEBDD00F73DF4 /* EditableTextField.swift */; };
		2822C3D42B75C42D000D5C58 /* Defaults in Frameworks */ = {isa = PBXBuildFile; productRef = 2822C3D32B75C42D000D5C58 /* Defaults */; };
		2822C3D62B75C443000D5C58 /* Defaults.swift in Sources */ = {isa = PBXBuildFile; fileRef = 2822C3D52B75C443000D5C58 /* Defaults.swift */; };
		2822C3D82B75C44B000D5C58 /* Defaults+Structures.swift in Sources */ = {isa = PBXBuildFile; fileRef = 2822C3D72B75C44B000D5C58 /* Defaults+Structures.swift */; };
		2822C3DA2B75DB8C000D5C58 /* BrightnessController.swift in Sources */ = {isa = PBXBuildFile; fileRef = 2822C3D92B75DB8C000D5C58 /* BrightnessController.swift */; };
		2822C3F22B75F909000D5C58 /* SettingsWindow.swift in Sources */ = {isa = PBXBuildFile; fileRef = 2822C3F12B75F909000D5C58 /* SettingsWindow.swift */; };
		2830055C2AEE7FF800D18F65 /* MenuManager.swift in Sources */ = {isa = PBXBuildFile; fileRef = 2830055B2AEE7FF800D18F65 /* MenuManager.swift */; };
		2831CA0B2B81DE470032956E /* CGFloat+Extension.swift in Sources */ = {isa = PBXBuildFile; fileRef = 2831CA0A2B81DE470032956E /* CGFloat+Extension.swift */; };
		2867F1832AEC8D3B0029C937 /* DialWindow.swift in Sources */ = {isa = PBXBuildFile; fileRef = 2867F1822AEC8D3B0029C937 /* DialWindow.swift */; };
		2867F18F2AECC6E90029C937 /* LaunchAtLogin in Frameworks */ = {isa = PBXBuildFile; productRef = 2867F18E2AECC6E90029C937 /* LaunchAtLogin */; };
		28864F042B786B58009FB069 /* Controllers.swift in Sources */ = {isa = PBXBuildFile; fileRef = 28864F032B786B58009FB069 /* Controllers.swift */; };
		28B685282AEBFB80008EBE98 /* Localizable.xcstrings in Resources */ = {isa = PBXBuildFile; fileRef = 28B685272AEBFB80008EBE98 /* Localizable.xcstrings */; };
		28B833BC2B7747D200D96825 /* ShortcutsController.swift in Sources */ = {isa = PBXBuildFile; fileRef = 28B833BB2B7747D200D96825 /* ShortcutsController.swift */; };
		28B833C02B77582C00D96825 /* ShortcutArray.swift in Sources */ = {isa = PBXBuildFile; fileRef = 28B833BF2B77582C00D96825 /* ShortcutArray.swift */; };
		28B833C32B77615500D96825 /* ControllersViewController.swift in Sources */ = {isa = PBXBuildFile; fileRef = 28B833C22B77615500D96825 /* ControllersViewController.swift */; };
		28B833C52B77617500D96825 /* GeneralViewController.swift in Sources */ = {isa = PBXBuildFile; fileRef = 28B833C42B77617500D96825 /* GeneralViewController.swift */; };
		28C7A0A22AEE06E8003113D5 /* Input.swift in Sources */ = {isa = PBXBuildFile; fileRef = 28C7A0A12AEE06E8003113D5 /* Input.swift */; };
		28D278EB2AEFC35D00844ADE /* Device.swift in Sources */ = {isa = PBXBuildFile; fileRef = 28D278EA2AEFC35D00844ADE /* Device.swift */; };
		28D9F4622B79C29100494B7E /* DefaultController.swift in Sources */ = {isa = PBXBuildFile; fileRef = 28D9F4612B79C29100494B7E /* DefaultController.swift */; };
		28D9F4662B79EC0D00494B7E /* NSSwitch+Extension.swift in Sources */ = {isa = PBXBuildFile; fileRef = 28D9F4652B79EC0D00494B7E /* NSSwitch+Extension.swift */; };
		28D9F4682B79EC2200494B7E /* NSButton+Extension.swift in Sources */ = {isa = PBXBuildFile; fileRef = 28D9F4672B79EC2200494B7E /* NSButton+Extension.swift */; };
		28D9F46A2B79EC5600494B7E /* SFSymbol+Extension.swift in Sources */ = {isa = PBXBuildFile; fileRef = 28D9F4692B79EC5600494B7E /* SFSymbol+Extension.swift */; };
		28D9F46C2B79EC8C00494B7E /* NSImage+Extension.swift in Sources */ = {isa = PBXBuildFile; fileRef = 28D9F46B2B79EC8C00494B7E /* NSImage+Extension.swift */; };
		28D9F46E2B79ED2B00494B7E /* MenuItems.swift in Sources */ = {isa = PBXBuildFile; fileRef = 28D9F46D2B79ED2B00494B7E /* MenuItems.swift */; };
		28D9F4772B7A12D500494B7E /* ObservationTrackingStream.swift in Sources */ = {isa = PBXBuildFile; fileRef = 28D9F4762B7A12D500494B7E /* ObservationTrackingStream.swift */; };
		28D9F4792B7A13E100494B7E /* NSString+Extension.swift in Sources */ = {isa = PBXBuildFile; fileRef = 28D9F4782B7A13E100494B7E /* NSString+Extension.swift */; };
		28D9F47C2B7A301000494B7E /* SubmenuItems.swift in Sources */ = {isa = PBXBuildFile; fileRef = 28D9F47B2B7A301000494B7E /* SubmenuItems.swift */; };
		28DBB1612B7903D000743575 /* Localization.swift in Sources */ = {isa = PBXBuildFile; fileRef = 28DBB1602B7903D000743575 /* Localization.swift */; };
		28DBB1642B79046D00743575 /* SymbolRepresentation.swift in Sources */ = {isa = PBXBuildFile; fileRef = 28DBB1632B79046D00743575 /* SymbolRepresentation.swift */; };
		28DBB1682B7904B200743575 /* MainController.swift in Sources */ = {isa = PBXBuildFile; fileRef = 28DBB1672B7904B200743575 /* MainController.swift */; };
		28F8D3BA2BA6B64B006E18AA /* ActivatedControllerCell.swift in Sources */ = {isa = PBXBuildFile; fileRef = 28F8D3B92BA6B64B006E18AA /* ActivatedControllerCell.swift */; };
		28FA280C2B78A3310071FB1B /* SFSafeSymbols in Frameworks */ = {isa = PBXBuildFile; productRef = 28FA280B2B78A3310071FB1B /* SFSafeSymbols */; };
		28FCB92C2B7C2EBF0071AE01 /* RotationTypeMenuItems.swift in Sources */ = {isa = PBXBuildFile; fileRef = 28FCB92B2B7C2EBF0071AE01 /* RotationTypeMenuItems.swift */; };
		28FCB9342B7C5ADB0071AE01 /* InputButton.swift in Sources */ = {isa = PBXBuildFile; fileRef = 28FCB9332B7C5ADB0071AE01 /* InputButton.swift */; };
		28FCB9362B7DA21C0071AE01 /* IconChooserWindow.swift in Sources */ = {isa = PBXBuildFile; fileRef = 28FCB9352B7DA21C0071AE01 /* IconChooserWindow.swift */; };
		C882FA1A26F1430C00595EE1 /* AppDelegate.swift in Sources */ = {isa = PBXBuildFile; fileRef = C882FA1926F1430C00595EE1 /* AppDelegate.swift */; };
		C882FA1E26F1430D00595EE1 /* Assets.xcassets in Resources */ = {isa = PBXBuildFile; fileRef = C882FA1D26F1430D00595EE1 /* Assets.xcassets */; };
		C882FA2426F1430D00595EE1 /* Main.storyboard in Resources */ = {isa = PBXBuildFile; fileRef = C882FA2226F1430D00595EE1 /* Main.storyboard */; };
		C882FA2D26F143E300595EE1 /* StatusBarController.swift in Sources */ = {isa = PBXBuildFile; fileRef = C882FA2C26F143E300595EE1 /* StatusBarController.swift */; };
		C89D24292703BA5E00B1A458 /* Controller.swift in Sources */ = {isa = PBXBuildFile; fileRef = C89D24282703BA5E00B1A458 /* Controller.swift */; };
		C89D242B2703CF4500B1A458 /* ScrollController.swift in Sources */ = {isa = PBXBuildFile; fileRef = C89D242A2703CF4500B1A458 /* ScrollController.swift */; };
		C89D242D2704870C00B1A458 /* PlaybackController.swift in Sources */ = {isa = PBXBuildFile; fileRef = C89D242C2704870C00B1A458 /* PlaybackController.swift */; };
		C89F31592701090400A8B365 /* Dial.swift in Sources */ = {isa = PBXBuildFile; fileRef = C89F31582701090400A8B365 /* Dial.swift */; };
/* End PBXBuildFile section */

/* Begin PBXFileReference section */
		2801CAB42AEDF18000E95B5F /* MissionController.swift */ = {isa = PBXFileReference; lastKnownFileType = sourcecode.swift; path = MissionController.swift; sourceTree = "<group>"; };
		280AA0862B7AF64600798BB1 /* ControllerMenuItems.swift */ = {isa = PBXFileReference; lastKnownFileType = sourcecode.swift; path = ControllerMenuItems.swift; sourceTree = "<group>"; };
		2822407B2B7EEBDD00F73DF4 /* EditableTextField.swift */ = {isa = PBXFileReference; lastKnownFileType = sourcecode.swift; path = EditableTextField.swift; sourceTree = "<group>"; };
		2822C3D52B75C443000D5C58 /* Defaults.swift */ = {isa = PBXFileReference; lastKnownFileType = sourcecode.swift; path = Defaults.swift; sourceTree = "<group>"; };
		2822C3D72B75C44B000D5C58 /* Defaults+Structures.swift */ = {isa = PBXFileReference; lastKnownFileType = sourcecode.swift; path = "Defaults+Structures.swift"; sourceTree = "<group>"; };
		2822C3D92B75DB8C000D5C58 /* BrightnessController.swift */ = {isa = PBXFileReference; lastKnownFileType = sourcecode.swift; path = BrightnessController.swift; sourceTree = "<group>"; };
		2822C3F12B75F909000D5C58 /* SettingsWindow.swift */ = {isa = PBXFileReference; lastKnownFileType = sourcecode.swift; path = SettingsWindow.swift; sourceTree = "<group>"; };
		2830055B2AEE7FF800D18F65 /* MenuManager.swift */ = {isa = PBXFileReference; lastKnownFileType = sourcecode.swift; path = MenuManager.swift; sourceTree = "<group>"; };
		2831CA0A2B81DE470032956E /* CGFloat+Extension.swift */ = {isa = PBXFileReference; lastKnownFileType = sourcecode.swift; path = "CGFloat+Extension.swift"; sourceTree = "<group>"; };
		2867F1822AEC8D3B0029C937 /* DialWindow.swift */ = {isa = PBXFileReference; lastKnownFileType = sourcecode.swift; path = DialWindow.swift; sourceTree = "<group>"; };
		2867F18A2AEC94D50029C937 /* mul */ = {isa = PBXFileReference; lastKnownFileType = text.json.xcstrings; name = mul; path = mul.lproj/Main.xcstrings; sourceTree = "<group>"; };
		286DFBB42B80C24000685AFD /* Dial.app */ = {isa = PBXFileReference; explicitFileType = wrapper.application; includeInIndex = 0; path = Dial.app; sourceTree = BUILT_PRODUCTS_DIR; };
		28864F032B786B58009FB069 /* Controllers.swift */ = {isa = PBXFileReference; lastKnownFileType = sourcecode.swift; path = Controllers.swift; sourceTree = "<group>"; };
		28B685272AEBFB80008EBE98 /* Localizable.xcstrings */ = {isa = PBXFileReference; lastKnownFileType = text.json.xcstrings; path = Localizable.xcstrings; sourceTree = "<group>"; };
		28B833BB2B7747D200D96825 /* ShortcutsController.swift */ = {isa = PBXFileReference; lastKnownFileType = sourcecode.swift; path = ShortcutsController.swift; sourceTree = "<group>"; };
		28B833BF2B77582C00D96825 /* ShortcutArray.swift */ = {isa = PBXFileReference; lastKnownFileType = sourcecode.swift; path = ShortcutArray.swift; sourceTree = "<group>"; };
		28B833C22B77615500D96825 /* ControllersViewController.swift */ = {isa = PBXFileReference; lastKnownFileType = sourcecode.swift; path = ControllersViewController.swift; sourceTree = "<group>"; };
		28B833C42B77617500D96825 /* GeneralViewController.swift */ = {isa = PBXFileReference; lastKnownFileType = sourcecode.swift; path = GeneralViewController.swift; sourceTree = "<group>"; };
		28C7A0A12AEE06E8003113D5 /* Input.swift */ = {isa = PBXFileReference; lastKnownFileType = sourcecode.swift; path = Input.swift; sourceTree = "<group>"; };
		28D278EA2AEFC35D00844ADE /* Device.swift */ = {isa = PBXFileReference; lastKnownFileType = sourcecode.swift; path = Device.swift; sourceTree = "<group>"; };
		28D9F4612B79C29100494B7E /* DefaultController.swift */ = {isa = PBXFileReference; lastKnownFileType = sourcecode.swift; path = DefaultController.swift; sourceTree = "<group>"; };
		28D9F4652B79EC0D00494B7E /* NSSwitch+Extension.swift */ = {isa = PBXFileReference; lastKnownFileType = sourcecode.swift; path = "NSSwitch+Extension.swift"; sourceTree = "<group>"; };
		28D9F4672B79EC2200494B7E /* NSButton+Extension.swift */ = {isa = PBXFileReference; lastKnownFileType = sourcecode.swift; path = "NSButton+Extension.swift"; sourceTree = "<group>"; };
		28D9F4692B79EC5600494B7E /* SFSymbol+Extension.swift */ = {isa = PBXFileReference; lastKnownFileType = sourcecode.swift; path = "SFSymbol+Extension.swift"; sourceTree = "<group>"; };
		28D9F46B2B79EC8C00494B7E /* NSImage+Extension.swift */ = {isa = PBXFileReference; lastKnownFileType = sourcecode.swift; path = "NSImage+Extension.swift"; sourceTree = "<group>"; };
		28D9F46D2B79ED2B00494B7E /* MenuItems.swift */ = {isa = PBXFileReference; lastKnownFileType = sourcecode.swift; path = MenuItems.swift; sourceTree = "<group>"; };
		28D9F4762B7A12D500494B7E /* ObservationTrackingStream.swift */ = {isa = PBXFileReference; lastKnownFileType = sourcecode.swift; path = ObservationTrackingStream.swift; sourceTree = "<group>"; };
		28D9F4782B7A13E100494B7E /* NSString+Extension.swift */ = {isa = PBXFileReference; lastKnownFileType = sourcecode.swift; path = "NSString+Extension.swift"; sourceTree = "<group>"; };
		28D9F47B2B7A301000494B7E /* SubmenuItems.swift */ = {isa = PBXFileReference; lastKnownFileType = sourcecode.swift; path = SubmenuItems.swift; sourceTree = "<group>"; };
		28DBB1602B7903D000743575 /* Localization.swift */ = {isa = PBXFileReference; lastKnownFileType = sourcecode.swift; path = Localization.swift; sourceTree = "<group>"; };
		28DBB1632B79046D00743575 /* SymbolRepresentation.swift */ = {isa = PBXFileReference; lastKnownFileType = sourcecode.swift; path = SymbolRepresentation.swift; sourceTree = "<group>"; };
		28DBB1672B7904B200743575 /* MainController.swift */ = {isa = PBXFileReference; lastKnownFileType = sourcecode.swift; path = MainController.swift; sourceTree = "<group>"; };
		28F8D3B92BA6B64B006E18AA /* ActivatedControllerCell.swift */ = {isa = PBXFileReference; lastKnownFileType = sourcecode.swift; path = ActivatedControllerCell.swift; sourceTree = "<group>"; };
		28FCB92B2B7C2EBF0071AE01 /* RotationTypeMenuItems.swift */ = {isa = PBXFileReference; lastKnownFileType = sourcecode.swift; path = RotationTypeMenuItems.swift; sourceTree = "<group>"; };
		28FCB9332B7C5ADB0071AE01 /* InputButton.swift */ = {isa = PBXFileReference; lastKnownFileType = sourcecode.swift; path = InputButton.swift; sourceTree = "<group>"; };
		28FCB9352B7DA21C0071AE01 /* IconChooserWindow.swift */ = {isa = PBXFileReference; lastKnownFileType = sourcecode.swift; path = IconChooserWindow.swift; sourceTree = "<group>"; };
		C882FA1926F1430C00595EE1 /* AppDelegate.swift */ = {isa = PBXFileReference; lastKnownFileType = sourcecode.swift; path = AppDelegate.swift; sourceTree = "<group>"; };
		C882FA1D26F1430D00595EE1 /* Assets.xcassets */ = {isa = PBXFileReference; lastKnownFileType = folder.assetcatalog; path = Assets.xcassets; sourceTree = "<group>"; };
		C882FA2326F1430D00595EE1 /* Base */ = {isa = PBXFileReference; lastKnownFileType = file.storyboard; name = Base; path = Base.lproj/Main.storyboard; sourceTree = "<group>"; };
		C882FA2626F1430D00595EE1 /* Dial.entitlements */ = {isa = PBXFileReference; lastKnownFileType = text.plist.entitlements; path = Dial.entitlements; sourceTree = "<group>"; };
		C882FA2C26F143E300595EE1 /* StatusBarController.swift */ = {isa = PBXFileReference; lastKnownFileType = sourcecode.swift; path = StatusBarController.swift; sourceTree = "<group>"; };
		C89D24282703BA5E00B1A458 /* Controller.swift */ = {isa = PBXFileReference; lastKnownFileType = sourcecode.swift; path = Controller.swift; sourceTree = "<group>"; };
		C89D242A2703CF4500B1A458 /* ScrollController.swift */ = {isa = PBXFileReference; lastKnownFileType = sourcecode.swift; path = ScrollController.swift; sourceTree = "<group>"; };
		C89D242C2704870C00B1A458 /* PlaybackController.swift */ = {isa = PBXFileReference; lastKnownFileType = sourcecode.swift; path = PlaybackController.swift; sourceTree = "<group>"; };
		C89F3155270106E400A8B365 /* Dial-Bridging-Header.h */ = {isa = PBXFileReference; lastKnownFileType = sourcecode.c.h; path = "Dial-Bridging-Header.h"; sourceTree = "<group>"; };
		C89F31582701090400A8B365 /* Dial.swift */ = {isa = PBXFileReference; lastKnownFileType = sourcecode.swift; path = Dial.swift; sourceTree = "<group>"; };
/* End PBXFileReference section */

/* Begin PBXFrameworksBuildPhase section */
		C882FA1326F1430C00595EE1 /* Frameworks */ = {
			isa = PBXFrameworksBuildPhase;
			buildActionMask = 2147483647;
			files = (
				28FA280C2B78A3310071FB1B /* SFSafeSymbols in Frameworks */,
				2867F18F2AECC6E90029C937 /* LaunchAtLogin in Frameworks */,
				2822C3D42B75C42D000D5C58 /* Defaults in Frameworks */,
			);
			runOnlyForDeploymentPostprocessing = 0;
		};
/* End PBXFrameworksBuildPhase section */

/* Begin PBXGroup section */
		289167242BA676400064EEB2 /* Submenus */ = {
			isa = PBXGroup;
			children = (
				28D9F47B2B7A301000494B7E /* SubmenuItems.swift */,
				280AA0862B7AF64600798BB1 /* ControllerMenuItems.swift */,
				28FCB92B2B7C2EBF0071AE01 /* RotationTypeMenuItems.swift */,
			);
			path = Submenus;
			sourceTree = "<group>";
		};
		28B685262AEBFB5A008EBE98 /* DefaultControllers */ = {
			isa = PBXGroup;
			children = (
				C89D242A2703CF4500B1A458 /* ScrollController.swift */,
				C89D242C2704870C00B1A458 /* PlaybackController.swift */,
				2801CAB42AEDF18000E95B5F /* MissionController.swift */,
				2822C3D92B75DB8C000D5C58 /* BrightnessController.swift */,
			);
			path = DefaultControllers;
			sourceTree = "<group>";
		};
		28B685292AEC01BC008EBE98 /* Contents */ = {
			isa = PBXGroup;
			children = (
				28FCB9322B7C5ACE0071AE01 /* Widgets */,
				28DBB1652B79048200743575 /* Windows */,
				28D278E92AEFC25100844ADE /* Utilities */,
				28D278E82AEFC23E00844ADE /* Core */,
				C882FA2C26F143E300595EE1 /* StatusBarController.swift */,
				C89F31582701090400A8B365 /* Dial.swift */,
			);
			path = Contents;
			sourceTree = "<group>";
		};
		28B6852C2AEC01E8008EBE98 /* Infrastructures */ = {
			isa = PBXGroup;
			children = (
				28C7A0A12AEE06E8003113D5 /* Input.swift */,
				2822C3D52B75C443000D5C58 /* Defaults.swift */,
				2822C3D72B75C44B000D5C58 /* Defaults+Structures.swift */,
			);
			path = Infrastructures;
			sourceTree = "<group>";
		};
		28B833C12B77613700D96825 /* Views */ = {
			isa = PBXGroup;
			children = (
				28B833C42B77617500D96825 /* GeneralViewController.swift */,
				28B833C22B77615500D96825 /* ControllersViewController.swift */,
			);
			path = Views;
			sourceTree = "<group>";
		};
		28D278E82AEFC23E00844ADE /* Core */ = {
			isa = PBXGroup;
			children = (
				28DBB1662B79049B00743575 /* Controllers */,
				28D278EA2AEFC35D00844ADE /* Device.swift */,
			);
			path = Core;
			sourceTree = "<group>";
		};
		28D278E92AEFC25100844ADE /* Utilities */ = {
			isa = PBXGroup;
			children = (
				28D9F47A2B7A2FFE00494B7E /* Menus */,
				28B833BF2B77582C00D96825 /* ShortcutArray.swift */,
				28DBB1632B79046D00743575 /* SymbolRepresentation.swift */,
				28DBB1602B7903D000743575 /* Localization.swift */,
				28D9F4762B7A12D500494B7E /* ObservationTrackingStream.swift */,
			);
			path = Utilities;
			sourceTree = "<group>";
		};
		28D9F4642B79EBF500494B7E /* Extensions */ = {
			isa = PBXGroup;
			children = (
				28D9F4652B79EC0D00494B7E /* NSSwitch+Extension.swift */,
				28D9F4672B79EC2200494B7E /* NSButton+Extension.swift */,
				28D9F4692B79EC5600494B7E /* SFSymbol+Extension.swift */,
				28D9F46B2B79EC8C00494B7E /* NSImage+Extension.swift */,
				28D9F4782B7A13E100494B7E /* NSString+Extension.swift */,
				2831CA0A2B81DE470032956E /* CGFloat+Extension.swift */,
			);
			path = Extensions;
			sourceTree = "<group>";
		};
		28D9F47A2B7A2FFE00494B7E /* Menus */ = {
			isa = PBXGroup;
			children = (
				289167242BA676400064EEB2 /* Submenus */,
				2830055B2AEE7FF800D18F65 /* MenuManager.swift */,
				28D9F46D2B79ED2B00494B7E /* MenuItems.swift */,
			);
			path = Menus;
			sourceTree = "<group>";
		};
		28DBB1652B79048200743575 /* Windows */ = {
			isa = PBXGroup;
			children = (
				2822C3F12B75F909000D5C58 /* SettingsWindow.swift */,
				2867F1822AEC8D3B0029C937 /* DialWindow.swift */,
				28FCB9352B7DA21C0071AE01 /* IconChooserWindow.swift */,
			);
			path = Windows;
			sourceTree = "<group>";
		};
		28DBB1662B79049B00743575 /* Controllers */ = {
			isa = PBXGroup;
			children = (
				28864F032B786B58009FB069 /* Controllers.swift */,
				C89D24282703BA5E00B1A458 /* Controller.swift */,
				28DBB1672B7904B200743575 /* MainController.swift */,
				28D9F4612B79C29100494B7E /* DefaultController.swift */,
				28B833BB2B7747D200D96825 /* ShortcutsController.swift */,
			);
			path = Controllers;
			sourceTree = "<group>";
		};
		28FCB9322B7C5ACE0071AE01 /* Widgets */ = {
			isa = PBXGroup;
			children = (
				28FCB9332B7C5ADB0071AE01 /* InputButton.swift */,
				2822407B2B7EEBDD00F73DF4 /* EditableTextField.swift */,
				28F8D3B92BA6B64B006E18AA /* ActivatedControllerCell.swift */,
			);
			path = Widgets;
			sourceTree = "<group>";
		};
		C882FA0D26F1430C00595EE1 = {
			isa = PBXGroup;
			children = (
				C882FA2626F1430D00595EE1 /* Dial.entitlements */,
				C882FA1826F1430C00595EE1 /* Dial */,
				286DFBB42B80C24000685AFD /* Dial.app */,
			);
			sourceTree = "<group>";
		};
		C882FA1826F1430C00595EE1 /* Dial */ = {
			isa = PBXGroup;
			children = (
				28D9F4642B79EBF500494B7E /* Extensions */,
				28B833C12B77613700D96825 /* Views */,
				28B6852C2AEC01E8008EBE98 /* Infrastructures */,
				28B685292AEC01BC008EBE98 /* Contents */,
				28B685262AEBFB5A008EBE98 /* DefaultControllers */,
				C882FA1926F1430C00595EE1 /* AppDelegate.swift */,
				C89F3155270106E400A8B365 /* Dial-Bridging-Header.h */,
				C882FA1D26F1430D00595EE1 /* Assets.xcassets */,
				C882FA2226F1430D00595EE1 /* Main.storyboard */,
				28B685272AEBFB80008EBE98 /* Localizable.xcstrings */,
			);
			path = Dial;
			sourceTree = "<group>";
		};
/* End PBXGroup section */

/* Begin PBXNativeTarget section */
		C882FA1526F1430C00595EE1 /* Dial */ = {
			isa = PBXNativeTarget;
			buildConfigurationList = C882FA2926F1430D00595EE1 /* Build configuration list for PBXNativeTarget "Dial" */;
			buildPhases = (
				C882FA1226F1430C00595EE1 /* Sources */,
				C882FA1326F1430C00595EE1 /* Frameworks */,
				C882FA1426F1430C00595EE1 /* Resources */,
			);
			buildRules = (
			);
			dependencies = (
			);
			name = Dial;
			packageProductDependencies = (
				2867F18E2AECC6E90029C937 /* LaunchAtLogin */,
				2822C3D32B75C42D000D5C58 /* Defaults */,
				28FA280B2B78A3310071FB1B /* SFSafeSymbols */,
			);
			productName = MacDial;
			productReference = 286DFBB42B80C24000685AFD /* Dial.app */;
			productType = "com.apple.product-type.application";
		};
/* End PBXNativeTarget section */

/* Begin PBXProject section */
		C882FA0E26F1430C00595EE1 /* Project object */ = {
			isa = PBXProject;
			attributes = {
				BuildIndependentTargetsInParallel = YES;
				LastSwiftUpdateCheck = 1250;
				LastUpgradeCheck = 1530;
				TargetAttributes = {
					C882FA1526F1430C00595EE1 = {
						CreatedOnToolsVersion = 12.5.1;
					};
				};
			};
			buildConfigurationList = C882FA1126F1430C00595EE1 /* Build configuration list for PBXProject "Dial" */;
			compatibilityVersion = "Xcode 9.3";
			developmentRegion = en;
			hasScannedForEncodings = 0;
			knownRegions = (
				en,
				Base,
				"zh-Hans",
			);
			mainGroup = C882FA0D26F1430C00595EE1;
			packageReferences = (
				2867F18D2AECC6E90029C937 /* XCRemoteSwiftPackageReference "LaunchAtLogin" */,
				2822C3D22B75C42D000D5C58 /* XCRemoteSwiftPackageReference "Defaults" */,
				28FA280A2B78A3310071FB1B /* XCRemoteSwiftPackageReference "SFSafeSymbols" */,
			);
			productRefGroup = C882FA0D26F1430C00595EE1;
			projectDirPath = "";
			projectRoot = "";
			targets = (
				C882FA1526F1430C00595EE1 /* Dial */,
			);
		};
/* End PBXProject section */

/* Begin PBXResourcesBuildPhase section */
		C882FA1426F1430C00595EE1 /* Resources */ = {
			isa = PBXResourcesBuildPhase;
			buildActionMask = 2147483647;
			files = (
				C882FA2426F1430D00595EE1 /* Main.storyboard in Resources */,
				C882FA1E26F1430D00595EE1 /* Assets.xcassets in Resources */,
				28B685282AEBFB80008EBE98 /* Localizable.xcstrings in Resources */,
			);
			runOnlyForDeploymentPostprocessing = 0;
		};
/* End PBXResourcesBuildPhase section */

/* Begin PBXSourcesBuildPhase section */
		C882FA1226F1430C00595EE1 /* Sources */ = {
			isa = PBXSourcesBuildPhase;
			buildActionMask = 2147483647;
			files = (
				28D278EB2AEFC35D00844ADE /* Device.swift in Sources */,
				28D9F46A2B79EC5600494B7E /* SFSymbol+Extension.swift in Sources */,
				28D9F4662B79EC0D00494B7E /* NSSwitch+Extension.swift in Sources */,
				2822C3D62B75C443000D5C58 /* Defaults.swift in Sources */,
				28F8D3BA2BA6B64B006E18AA /* ActivatedControllerCell.swift in Sources */,
				28D9F4772B7A12D500494B7E /* ObservationTrackingStream.swift in Sources */,
				2822C3DA2B75DB8C000D5C58 /* BrightnessController.swift in Sources */,
				C882FA2D26F143E300595EE1 /* StatusBarController.swift in Sources */,
				2822C3F22B75F909000D5C58 /* SettingsWindow.swift in Sources */,
				28D9F46E2B79ED2B00494B7E /* MenuItems.swift in Sources */,
				2801CAB52AEDF18000E95B5F /* MissionController.swift in Sources */,
				28C7A0A22AEE06E8003113D5 /* Input.swift in Sources */,
				28FCB9362B7DA21C0071AE01 /* IconChooserWindow.swift in Sources */,
				2830055C2AEE7FF800D18F65 /* MenuManager.swift in Sources */,
				28D9F46C2B79EC8C00494B7E /* NSImage+Extension.swift in Sources */,
				2822C3D82B75C44B000D5C58 /* Defaults+Structures.swift in Sources */,
				2822407C2B7EEBDD00F73DF4 /* EditableTextField.swift in Sources */,
				28D9F47C2B7A301000494B7E /* SubmenuItems.swift in Sources */,
				28DBB1612B7903D000743575 /* Localization.swift in Sources */,
				28FCB9342B7C5ADB0071AE01 /* InputButton.swift in Sources */,
				C882FA1A26F1430C00595EE1 /* AppDelegate.swift in Sources */,
				28FCB92C2B7C2EBF0071AE01 /* RotationTypeMenuItems.swift in Sources */,
				28D9F4622B79C29100494B7E /* DefaultController.swift in Sources */,
				28D9F4792B7A13E100494B7E /* NSString+Extension.swift in Sources */,
				C89D24292703BA5E00B1A458 /* Controller.swift in Sources */,
				28B833C32B77615500D96825 /* ControllersViewController.swift in Sources */,
				28B833C02B77582C00D96825 /* ShortcutArray.swift in Sources */,
				C89D242D2704870C00B1A458 /* PlaybackController.swift in Sources */,
				28DBB1682B7904B200743575 /* MainController.swift in Sources */,
				28D9F4682B79EC2200494B7E /* NSButton+Extension.swift in Sources */,
				2867F1832AEC8D3B0029C937 /* DialWindow.swift in Sources */,
				C89F31592701090400A8B365 /* Dial.swift in Sources */,
				28B833C52B77617500D96825 /* GeneralViewController.swift in Sources */,
				2831CA0B2B81DE470032956E /* CGFloat+Extension.swift in Sources */,
				28864F042B786B58009FB069 /* Controllers.swift in Sources */,
				28B833BC2B7747D200D96825 /* ShortcutsController.swift in Sources */,
				C89D242B2703CF4500B1A458 /* ScrollController.swift in Sources */,
				28DBB1642B79046D00743575 /* SymbolRepresentation.swift in Sources */,
				280AA0872B7AF64600798BB1 /* ControllerMenuItems.swift in Sources */,
			);
			runOnlyForDeploymentPostprocessing = 0;
		};
/* End PBXSourcesBuildPhase section */

/* Begin PBXVariantGroup section */
		C882FA2226F1430D00595EE1 /* Main.storyboard */ = {
			isa = PBXVariantGroup;
			children = (
				C882FA2326F1430D00595EE1 /* Base */,
				2867F18A2AEC94D50029C937 /* mul */,
			);
			name = Main.storyboard;
			sourceTree = "<group>";
		};
/* End PBXVariantGroup section */

/* Begin XCBuildConfiguration section */
		C882FA2726F1430D00595EE1 /* Debug */ = {
			isa = XCBuildConfiguration;
			buildSettings = {
				ALWAYS_SEARCH_USER_PATHS = NO;
				ASSETCATALOG_COMPILER_GENERATE_SWIFT_ASSET_SYMBOL_EXTENSIONS = YES;
				CLANG_ANALYZER_LOCALIZABILITY_NONLOCALIZED = YES;
				CLANG_ANALYZER_NONNULL = YES;
				CLANG_ANALYZER_NUMBER_OBJECT_CONVERSION = YES_AGGRESSIVE;
				CLANG_CXX_LANGUAGE_STANDARD = "gnu++14";
				CLANG_CXX_LIBRARY = "libc++";
				CLANG_ENABLE_MODULES = YES;
				CLANG_ENABLE_OBJC_ARC = YES;
				CLANG_ENABLE_OBJC_WEAK = YES;
				CLANG_WARN_BLOCK_CAPTURE_AUTORELEASING = YES;
				CLANG_WARN_BOOL_CONVERSION = YES;
				CLANG_WARN_COMMA = YES;
				CLANG_WARN_CONSTANT_CONVERSION = YES;
				CLANG_WARN_DEPRECATED_OBJC_IMPLEMENTATIONS = YES;
				CLANG_WARN_DIRECT_OBJC_ISA_USAGE = YES_ERROR;
				CLANG_WARN_DOCUMENTATION_COMMENTS = YES;
				CLANG_WARN_EMPTY_BODY = YES;
				CLANG_WARN_ENUM_CONVERSION = YES;
				CLANG_WARN_INFINITE_RECURSION = YES;
				CLANG_WARN_INT_CONVERSION = YES;
				CLANG_WARN_NON_LITERAL_NULL_CONVERSION = YES;
				CLANG_WARN_OBJC_IMPLICIT_RETAIN_SELF = YES;
				CLANG_WARN_OBJC_LITERAL_CONVERSION = YES;
				CLANG_WARN_OBJC_ROOT_CLASS = YES_ERROR;
				CLANG_WARN_QUOTED_INCLUDE_IN_FRAMEWORK_HEADER = YES;
				CLANG_WARN_RANGE_LOOP_ANALYSIS = YES;
				CLANG_WARN_STRICT_PROTOTYPES = YES;
				CLANG_WARN_SUSPICIOUS_MOVE = YES;
				CLANG_WARN_UNGUARDED_AVAILABILITY = YES_AGGRESSIVE;
				CLANG_WARN_UNREACHABLE_CODE = YES;
				CLANG_WARN__DUPLICATE_METHOD_MATCH = YES;
				COPY_PHASE_STRIP = NO;
				DEAD_CODE_STRIPPING = YES;
				DEBUG_INFORMATION_FORMAT = dwarf;
				ENABLE_STRICT_OBJC_MSGSEND = YES;
				ENABLE_TESTABILITY = YES;
				ENABLE_USER_SCRIPT_SANDBOXING = YES;
				GCC_C_LANGUAGE_STANDARD = gnu11;
				GCC_DYNAMIC_NO_PIC = NO;
				GCC_NO_COMMON_BLOCKS = YES;
				GCC_OPTIMIZATION_LEVEL = 0;
				GCC_PREPROCESSOR_DEFINITIONS = (
					"DEBUG=1",
					"$(inherited)",
				);
				GCC_WARN_64_TO_32_BIT_CONVERSION = YES;
				GCC_WARN_ABOUT_RETURN_TYPE = YES_ERROR;
				GCC_WARN_UNDECLARED_SELECTOR = YES;
				GCC_WARN_UNINITIALIZED_AUTOS = YES_AGGRESSIVE;
				GCC_WARN_UNUSED_FUNCTION = YES;
				GCC_WARN_UNUSED_VARIABLE = YES;
				LOCALIZATION_PREFERS_STRING_CATALOGS = YES;
				MACOSX_DEPLOYMENT_TARGET = 14.0;
				MTL_ENABLE_DEBUG_INFO = INCLUDE_SOURCE;
				MTL_FAST_MATH = YES;
				ONLY_ACTIVE_ARCH = YES;
				SDKROOT = macosx;
				SKIP_INSTALL = NO;
				SWIFT_ACTIVE_COMPILATION_CONDITIONS = DEBUG;
				SWIFT_OBJC_BRIDGING_HEADER = "Dial-Bridging-Header.h";
				SWIFT_OPTIMIZATION_LEVEL = "-Onone";
			};
			name = Debug;
		};
		C882FA2826F1430D00595EE1 /* Release */ = {
			isa = XCBuildConfiguration;
			buildSettings = {
				ALWAYS_SEARCH_USER_PATHS = NO;
				ASSETCATALOG_COMPILER_GENERATE_SWIFT_ASSET_SYMBOL_EXTENSIONS = YES;
				CLANG_ANALYZER_LOCALIZABILITY_NONLOCALIZED = YES;
				CLANG_ANALYZER_NONNULL = YES;
				CLANG_ANALYZER_NUMBER_OBJECT_CONVERSION = YES_AGGRESSIVE;
				CLANG_CXX_LANGUAGE_STANDARD = "gnu++14";
				CLANG_CXX_LIBRARY = "libc++";
				CLANG_ENABLE_MODULES = YES;
				CLANG_ENABLE_OBJC_ARC = YES;
				CLANG_ENABLE_OBJC_WEAK = YES;
				CLANG_WARN_BLOCK_CAPTURE_AUTORELEASING = YES;
				CLANG_WARN_BOOL_CONVERSION = YES;
				CLANG_WARN_COMMA = YES;
				CLANG_WARN_CONSTANT_CONVERSION = YES;
				CLANG_WARN_DEPRECATED_OBJC_IMPLEMENTATIONS = YES;
				CLANG_WARN_DIRECT_OBJC_ISA_USAGE = YES_ERROR;
				CLANG_WARN_DOCUMENTATION_COMMENTS = YES;
				CLANG_WARN_EMPTY_BODY = YES;
				CLANG_WARN_ENUM_CONVERSION = YES;
				CLANG_WARN_INFINITE_RECURSION = YES;
				CLANG_WARN_INT_CONVERSION = YES;
				CLANG_WARN_NON_LITERAL_NULL_CONVERSION = YES;
				CLANG_WARN_OBJC_IMPLICIT_RETAIN_SELF = YES;
				CLANG_WARN_OBJC_LITERAL_CONVERSION = YES;
				CLANG_WARN_OBJC_ROOT_CLASS = YES_ERROR;
				CLANG_WARN_QUOTED_INCLUDE_IN_FRAMEWORK_HEADER = YES;
				CLANG_WARN_RANGE_LOOP_ANALYSIS = YES;
				CLANG_WARN_STRICT_PROTOTYPES = YES;
				CLANG_WARN_SUSPICIOUS_MOVE = YES;
				CLANG_WARN_UNGUARDED_AVAILABILITY = YES_AGGRESSIVE;
				CLANG_WARN_UNREACHABLE_CODE = YES;
				CLANG_WARN__DUPLICATE_METHOD_MATCH = YES;
				COPY_PHASE_STRIP = NO;
				DEAD_CODE_STRIPPING = YES;
				DEBUG_INFORMATION_FORMAT = "dwarf-with-dsym";
				ENABLE_NS_ASSERTIONS = NO;
				ENABLE_STRICT_OBJC_MSGSEND = YES;
				ENABLE_USER_SCRIPT_SANDBOXING = YES;
				GCC_C_LANGUAGE_STANDARD = gnu11;
				GCC_NO_COMMON_BLOCKS = YES;
				GCC_WARN_64_TO_32_BIT_CONVERSION = YES;
				GCC_WARN_ABOUT_RETURN_TYPE = YES_ERROR;
				GCC_WARN_UNDECLARED_SELECTOR = YES;
				GCC_WARN_UNINITIALIZED_AUTOS = YES_AGGRESSIVE;
				GCC_WARN_UNUSED_FUNCTION = YES;
				GCC_WARN_UNUSED_VARIABLE = YES;
				LOCALIZATION_PREFERS_STRING_CATALOGS = YES;
				MACOSX_DEPLOYMENT_TARGET = 14.0;
				MTL_ENABLE_DEBUG_INFO = NO;
				MTL_FAST_MATH = YES;
				SDKROOT = macosx;
				SKIP_INSTALL = NO;
				SWIFT_COMPILATION_MODE = wholemodule;
				SWIFT_OBJC_BRIDGING_HEADER = "Dial-Bridging-Header.h";
				SWIFT_OPTIMIZATION_LEVEL = "-O";
			};
			name = Release;
		};
		C882FA2A26F1430D00595EE1 /* Debug */ = {
			isa = XCBuildConfiguration;
			buildSettings = {
				ASSETCATALOG_COMPILER_APPICON_NAME = AppIcon;
				ASSETCATALOG_COMPILER_GLOBAL_ACCENT_COLOR_NAME = AccentColor;
				ASSETCATALOG_COMPILER_INCLUDE_ALL_APPICON_ASSETS = NO;
				CODE_SIGN_ENTITLEMENTS = Dial.entitlements;
				CODE_SIGN_IDENTITY = "Apple Development";
				CODE_SIGN_STYLE = Automatic;
				COMBINE_HIDPI_IMAGES = YES;
				CURRENT_PROJECT_VERSION = 1;
				DEAD_CODE_STRIPPING = YES;
				DEVELOPMENT_TEAM = 7XRF3J9RS4;
				ENABLE_HARDENED_RUNTIME = YES;
				ENABLE_PREVIEWS = YES;
				HEADER_SEARCH_PATHS = "$(SRCROOT)/lib/hidapi/hidapi";
				INFOPLIST_FILE = Dial/Info.plist;
				INFOPLIST_KEY_CFBundleDisplayName = Dial;
				INFOPLIST_KEY_LSApplicationCategoryType = "public.app-category.utilities";
				INFOPLIST_KEY_LSUIElement = YES;
				LD_RUNPATH_SEARCH_PATHS = (
					"$(inherited)",
					"@executable_path/../Frameworks",
				);
				LIBRARY_SEARCH_PATHS = "$(SRCROOT)/lib/hidapi/build/src/mac";
				MACOSX_DEPLOYMENT_TARGET = 14.0;
				MARKETING_VERSION = 1.0.0;
				OTHER_LDFLAGS = "-lhidapi";
				PRODUCT_BUNDLE_IDENTIFIER = studio.nnn.Dial;
				PRODUCT_NAME = "$(TARGET_NAME)";
				PROVISIONING_PROFILE_SPECIFIER = "";
				SKIP_INSTALL = NO;
				SWIFT_EMIT_LOC_STRINGS = YES;
				SWIFT_OBJC_BRIDGING_HEADER = "$(SRCROOT)/Dial/Dial-Bridging-Header.h";
				SWIFT_VERSION = 5.0;
			};
			name = Debug;
		};
		C882FA2B26F1430D00595EE1 /* Release */ = {
			isa = XCBuildConfiguration;
			buildSettings = {
				ASSETCATALOG_COMPILER_APPICON_NAME = AppIcon;
				ASSETCATALOG_COMPILER_GLOBAL_ACCENT_COLOR_NAME = AccentColor;
				ASSETCATALOG_COMPILER_INCLUDE_ALL_APPICON_ASSETS = NO;
				CODE_SIGN_ENTITLEMENTS = Dial.entitlements;
				CODE_SIGN_IDENTITY = "Apple Development";
				CODE_SIGN_STYLE = Automatic;
				COMBINE_HIDPI_IMAGES = YES;
				CURRENT_PROJECT_VERSION = 1;
				DEAD_CODE_STRIPPING = YES;
				DEVELOPMENT_TEAM = 7XRF3J9RS4;
				ENABLE_HARDENED_RUNTIME = YES;
				ENABLE_PREVIEWS = YES;
				HEADER_SEARCH_PATHS = "$(SRCROOT)/lib/hidapi/hidapi";
				INFOPLIST_FILE = Dial/Info.plist;
				INFOPLIST_KEY_CFBundleDisplayName = Dial;
				INFOPLIST_KEY_LSApplicationCategoryType = "public.app-category.utilities";
				INFOPLIST_KEY_LSUIElement = YES;
				LD_RUNPATH_SEARCH_PATHS = (
					"$(inherited)",
					"@executable_path/../Frameworks",
				);
				LIBRARY_SEARCH_PATHS = "$(SRCROOT)/lib/hidapi/build/src/mac";
				"LIBRARY_SEARCH_PATHS[arch=x86_64]" = "$(SRCROOT)/lib/hidapi/build_x86/src/mac";
				MACOSX_DEPLOYMENT_TARGET = 14.0;
				MARKETING_VERSION = 1.0.0;
				OTHER_LDFLAGS = "-lhidapi";
				PRODUCT_BUNDLE_IDENTIFIER = studio.nnn.Dial;
				PRODUCT_NAME = "$(TARGET_NAME)";
				PROVISIONING_PROFILE_SPECIFIER = "";
				SKIP_INSTALL = NO;
				SWIFT_EMIT_LOC_STRINGS = YES;
				SWIFT_OBJC_BRIDGING_HEADER = "$(SRCROOT)/Dial/Dial-Bridging-Header.h";
				SWIFT_VERSION = 5.0;
			};
			name = Release;
		};
/* End XCBuildConfiguration section */

/* Begin XCConfigurationList section */
		C882FA1126F1430C00595EE1 /* Build configuration list for PBXProject "Dial" */ = {
			isa = XCConfigurationList;
			buildConfigurations = (
				C882FA2726F1430D00595EE1 /* Debug */,
				C882FA2826F1430D00595EE1 /* Release */,
			);
			defaultConfigurationIsVisible = 0;
			defaultConfigurationName = Release;
		};
		C882FA2926F1430D00595EE1 /* Build configuration list for PBXNativeTarget "Dial" */ = {
			isa = XCConfigurationList;
			buildConfigurations = (
				C882FA2A26F1430D00595EE1 /* Debug */,
				C882FA2B26F1430D00595EE1 /* Release */,
			);
			defaultConfigurationIsVisible = 0;
			defaultConfigurationName = Release;
		};
/* End XCConfigurationList section */

/* Begin XCRemoteSwiftPackageReference section */
		2822C3D22B75C42D000D5C58 /* XCRemoteSwiftPackageReference "Defaults" */ = {
			isa = XCRemoteSwiftPackageReference;
			repositoryURL = "https://github.com/sindresorhus/Defaults";
			requirement = {
				branch = main;
				kind = branch;
			};
		};
		2867F18D2AECC6E90029C937 /* XCRemoteSwiftPackageReference "LaunchAtLogin" */ = {
			isa = XCRemoteSwiftPackageReference;
			repositoryURL = "https://github.com/sindresorhus/LaunchAtLogin";
			requirement = {
				branch = main;
				kind = branch;
			};
		};
		28FA280A2B78A3310071FB1B /* XCRemoteSwiftPackageReference "SFSafeSymbols" */ = {
			isa = XCRemoteSwiftPackageReference;
			repositoryURL = "https://github.com/SFSafeSymbols/SFSafeSymbols";
			requirement = {
				kind = upToNextMajorVersion;
				minimumVersion = 4.1.1;
			};
		};
/* End XCRemoteSwiftPackageReference section */

/* Begin XCSwiftPackageProductDependency section */
		2822C3D32B75C42D000D5C58 /* Defaults */ = {
			isa = XCSwiftPackageProductDependency;
			package = 2822C3D22B75C42D000D5C58 /* XCRemoteSwiftPackageReference "Defaults" */;
			productName = Defaults;
		};
		2867F18E2AECC6E90029C937 /* LaunchAtLogin */ = {
			isa = XCSwiftPackageProductDependency;
			package = 2867F18D2AECC6E90029C937 /* XCRemoteSwiftPackageReference "LaunchAtLogin" */;
			productName = LaunchAtLogin;
		};
		28FA280B2B78A3310071FB1B /* SFSafeSymbols */ = {
			isa = XCSwiftPackageProductDependency;
			package = 28FA280A2B78A3310071FB1B /* XCRemoteSwiftPackageReference "SFSafeSymbols" */;
			productName = SFSafeSymbols;
		};
/* End XCSwiftPackageProductDependency section */
	};
	rootObject = C882FA0E26F1430C00595EE1 /* Project object */;
}
